
Microsoft Visual Studio Solution File, Format Version 12.00
# Visual Studio 2012
Project("{FAE04EC0-301F-11D3-BF4B-00C04F79EFBC}") = "website", "website\website.csproj", "{79BEDA40-8972-4602-84E0-6E1CB55D3FD2}"
EndProject
Project("{FAE04EC0-301F-11D3-BF4B-00C04F79EFBC}") = "website.DAL", "website.DAL\website.DAL.csproj", "{462376F9-02DD-4233-8E1F-2BF75F3A1689}"
EndProject
Project("{FAE04EC0-301F-11D3-BF4B-00C04F79EFBC}") = "website.Models", "website.Models\website.Models.csproj", "{8BE7D672-0602-4666-A7E7-D57003048113}"
EndProject
Global
	GlobalSection(SolutionConfigurationPlatforms) = preSolution
		Debug|Any CPU = Debug|Any CPU
		Release|Any CPU = Release|Any CPU
	EndGlobalSection
	GlobalSection(ProjectConfigurationPlatforms) = postSolution
		{462376F9-02DD-4233-8E1F-2BF75F3A1689}.Debug|Any CPU.ActiveCfg = Debug|Any CPU
		{462376F9-02DD-4233-8E1F-2BF75F3A1689}.Debug|Any CPU.Build.0 = Debug|Any CPU
		{462376F9-02DD-4233-8E1F-2BF75F3A1689}.Release|Any CPU.ActiveCfg = Release|Any CPU
		{462376F9-02DD-4233-8E1F-2BF75F3A1689}.Release|Any CPU.Build.0 = Release|Any CPU
		{79BEDA40-8972-4602-84E0-6E1CB55D3FD2}.Debug|Any CPU.ActiveCfg = Debug|Any CPU
		{79BEDA40-8972-4602-84E0-6E1CB55D3FD2}.Debug|Any CPU.Build.0 = Debug|Any CPU
		{79BEDA40-8972-4602-84E0-6E1CB55D3FD2}.Release|Any CPU.ActiveCfg = Release|Any CPU
		{79BEDA40-8972-4602-84E0-6E1CB55D3FD2}.Release|Any CPU.Build.0 = Release|Any CPU
		{8BE7D672-0602-4666-A7E7-D57003048113}.Debug|Any CPU.ActiveCfg = Debug|Any CPU
		{8BE7D672-0602-4666-A7E7-D57003048113}.Debug|Any CPU.Build.0 = Debug|Any CPU
		{8BE7D672-0602-4666-A7E7-D57003048113}.Release|Any CPU.ActiveCfg = Release|Any CPU
		{8BE7D672-0602-4666-A7E7-D57003048113}.Release|Any CPU.Build.0 = Release|Any CPU
	EndGlobalSection
EndGlobal
